
Microsoft Visual Studio Solution File, Format Version 12.00
# Visual Studio 15
Project("{FAE04EC0-301F-11D3-BF4B-00C04F79EFBC}") = "Assembly-CSharp", "Assembly-CSharp.csproj", "{CF0D88DE-1B6D-B279-DC80-EBE145CA333F}"
EndProject
Project("{FAE04EC0-301F-11D3-BF4B-00C04F79EFBC}") = "CFXRRuntime", "CFXRRuntime.csproj", "{F2E98B4C-A78F-24E0-2242-130D7E7554F5}"
EndProject
Project("{FAE04EC0-301F-11D3-BF4B-00C04F79EFBC}") = "CFXRDemo", "CFXRDemo.csproj", "{C99D1053-553A-3DF9-A555-24D4340B4F22}"
EndProject
Project("{FAE04EC0-301F-11D3-BF4B-00C04F79EFBC}") = "KinoBloom.Runtime", "KinoBloom.Runtime.csproj", "{EA3A3177-4020-15A5-69ED-A9D8F8F27013}"
EndProject
Project("{FAE04EC0-301F-11D3-BF4B-00C04F79EFBC}") = "CFXR.WelcomeScreen", "CFXR.WelcomeScreen.csproj", "{46423035-F3C0-1DA6-2630-AB4D902D4591}"
EndProject
Project("{FAE04EC0-301F-11D3-BF4B-00C04F79EFBC}") = "CFXREditor", "CFXREditor.csproj", "{3A6ECD79-D6A0-5560-C5B5-E280411128FA}"
EndProject
Project("{FAE04EC0-301F-11D3-BF4B-00C04F79EFBC}") = "ToonyColorsPro.Demo.Editor", "ToonyColorsPro.Demo.Editor.csproj", "{F6060D9B-415F-1B80-C2D4-C2E3151EA197}"
EndProject
Global
	GlobalSection(SolutionConfigurationPlatforms) = preSolution
		Debug|Any CPU = Debug|Any CPU
		Release|Any CPU = Release|Any CPU
	EndGlobalSection
	GlobalSection(ProjectConfigurationPlatforms) = postSolution
		{CF0D88DE-1B6D-B279-DC80-EBE145CA333F}.Debug|Any CPU.ActiveCfg = Debug|Any CPU
		{CF0D88DE-1B6D-B279-DC80-EBE145CA333F}.Debug|Any CPU.Build.0 = Debug|Any CPU
		{CF0D88DE-1B6D-B279-DC80-EBE145CA333F}.Release|Any CPU.ActiveCfg = Release|Any CPU
		{CF0D88DE-1B6D-B279-DC80-EBE145CA333F}.Release|Any CPU.Build.0 = Release|Any CPU
		{F2E98B4C-A78F-24E0-2242-130D7E7554F5}.Debug|Any CPU.ActiveCfg = Debug|Any CPU
		{F2E98B4C-A78F-24E0-2242-130D7E7554F5}.Debug|Any CPU.Build.0 = Debug|Any CPU
		{F2E98B4C-A78F-24E0-2242-130D7E7554F5}.Release|Any CPU.ActiveCfg = Release|Any CPU
		{F2E98B4C-A78F-24E0-2242-130D7E7554F5}.Release|Any CPU.Build.0 = Release|Any CPU
		{C99D1053-553A-3DF9-A555-24D4340B4F22}.Debug|Any CPU.ActiveCfg = Debug|Any CPU
		{C99D1053-553A-3DF9-A555-24D4340B4F22}.Debug|Any CPU.Build.0 = Debug|Any CPU
		{C99D1053-553A-3DF9-A555-24D4340B4F22}.Release|Any CPU.ActiveCfg = Release|Any CPU
		{C99D1053-553A-3DF9-A555-24D4340B4F22}.Release|Any CPU.Build.0 = Release|Any CPU
		{EA3A3177-4020-15A5-69ED-A9D8F8F27013}.Debug|Any CPU.ActiveCfg = Debug|Any CPU
		{EA3A3177-4020-15A5-69ED-A9D8F8F27013}.Debug|Any CPU.Build.0 = Debug|Any CPU
		{EA3A3177-4020-15A5-69ED-A9D8F8F27013}.Release|Any CPU.ActiveCfg = Release|Any CPU
		{EA3A3177-4020-15A5-69ED-A9D8F8F27013}.Release|Any CPU.Build.0 = Release|Any CPU
		{46423035-F3C0-1DA6-2630-AB4D902D4591}.Debug|Any CPU.ActiveCfg = Debug|Any CPU
		{46423035-F3C0-1DA6-2630-AB4D902D4591}.Debug|Any CPU.Build.0 = Debug|Any CPU
		{46423035-F3C0-1DA6-2630-AB4D902D4591}.Release|Any CPU.ActiveCfg = Release|Any CPU
		{46423035-F3C0-1DA6-2630-AB4D902D4591}.Release|Any CPU.Build.0 = Release|Any CPU
		{3A6ECD79-D6A0-5560-C5B5-E280411128FA}.Debug|Any CPU.ActiveCfg = Debug|Any CPU
		{3A6ECD79-D6A0-5560-C5B5-E280411128FA}.Debug|Any CPU.Build.0 = Debug|Any CPU
		{3A6ECD79-D6A0-5560-C5B5-E280411128FA}.Release|Any CPU.ActiveCfg = Release|Any CPU
		{3A6ECD79-D6A0-5560-C5B5-E280411128FA}.Release|Any CPU.Build.0 = Release|Any CPU
		{F6060D9B-415F-1B80-C2D4-C2E3151EA197}.Debug|Any CPU.ActiveCfg = Debug|Any CPU
		{F6060D9B-415F-1B80-C2D4-C2E3151EA197}.Debug|Any CPU.Build.0 = Debug|Any CPU
		{F6060D9B-415F-1B80-C2D4-C2E3151EA197}.Release|Any CPU.ActiveCfg = Release|Any CPU
		{F6060D9B-415F-1B80-C2D4-C2E3151EA197}.Release|Any CPU.Build.0 = Release|Any CPU
	EndGlobalSection
	GlobalSection(SolutionProperties) = preSolution
		HideSolutionNode = FALSE
	EndGlobalSection
EndGlobal
